
Microsoft Visual Studio Solution File, Format Version 12.00
# Visual Studio 15
VisualStudioVersion = 15.0.28307.645
MinimumVisualStudioVersion = 10.0.40219.1
Project("{9A19103F-16F7-4668-BE54-9A1E7A4F7556}") = "zip.api", "src\zip.api\zip.api.csproj", "{8FC7C4C9-B9A4-4A04-A347-C6C35E88BD87}"
EndProject
Project("{9A19103F-16F7-4668-BE54-9A1E7A4F7556}") = "zip.api.tests", "tests\zip.api.tests\zip.api.tests.csproj", "{09F3BBC2-7C24-48B2-92D5-062C3D9A8DF5}"
EndProject
Global
	GlobalSection(SolutionConfigurationPlatforms) = preSolution
		Debug|Any CPU = Debug|Any CPU
		Release|Any CPU = Release|Any CPU
	EndGlobalSection
	GlobalSection(ProjectConfigurationPlatforms) = postSolution
		{8FC7C4C9-B9A4-4A04-A347-C6C35E88BD87}.Debug|Any CPU.ActiveCfg = Debug|Any CPU
		{8FC7C4C9-B9A4-4A04-A347-C6C35E88BD87}.Debug|Any CPU.Build.0 = Debug|Any CPU
		{8FC7C4C9-B9A4-4A04-A347-C6C35E88BD87}.Release|Any CPU.ActiveCfg = Release|Any CPU
		{8FC7C4C9-B9A4-4A04-A347-C6C35E88BD87}.Release|Any CPU.Build.0 = Release|Any CPU
		{09F3BBC2-7C24-48B2-92D5-062C3D9A8DF5}.Debug|Any CPU.ActiveCfg = Debug|Any CPU
		{09F3BBC2-7C24-48B2-92D5-062C3D9A8DF5}.Debug|Any CPU.Build.0 = Debug|Any CPU
		{09F3BBC2-7C24-48B2-92D5-062C3D9A8DF5}.Release|Any CPU.ActiveCfg = Release|Any CPU
		{09F3BBC2-7C24-48B2-92D5-062C3D9A8DF5}.Release|Any CPU.Build.0 = Release|Any CPU
	EndGlobalSection
	GlobalSection(SolutionProperties) = preSolution
		HideSolutionNode = FALSE
	EndGlobalSection
	GlobalSection(ExtensibilityGlobals) = postSolution
		SolutionGuid = {6E3B30B6-4DF7-4899-8CDE-8609F3C1C55A}
	EndGlobalSection
EndGlobal
